// !$*UTF8*$!
{
	archiveVersion = 1;
	classes = {
	};
	objectVersion = 46;
	objects = {

/* Begin PBXBuildFile section */
		972F899F1DEC0F3E00CDF686 /* main.m in Sources */ = {isa = PBXBuildFile; fileRef = 972F899E1DEC0F3E00CDF686 /* main.m */; };
		972F89A21DEC0F3E00CDF686 /* AppDelegate.m in Sources */ = {isa = PBXBuildFile; fileRef = 972F89A11DEC0F3E00CDF686 /* AppDelegate.m */; };
		972F89A51DEC0F3E00CDF686 /* FirstViewController.m in Sources */ = {isa = PBXBuildFile; fileRef = 972F89A41DEC0F3E00CDF686 /* FirstViewController.m */; };
		972F89AA1DEC0F3E00CDF686 /* Assets.xcassets in Resources */ = {isa = PBXBuildFile; fileRef = 972F89A91DEC0F3E00CDF686 /* Assets.xcassets */; };
		972F89AD1DEC0F3E00CDF686 /* LaunchScreen.storyboard in Resources */ = {isa = PBXBuildFile; fileRef = 972F89AB1DEC0F3E00CDF686 /* LaunchScreen.storyboard */; };
/* End PBXBuildFile section */

/* Begin PBXFileReference section */
		972F899A1DEC0F3E00CDF686 /* DynamicLibrary.app */ = {isa = PBXFileReference; explicitFileType = wrapper.application; includeInIndex = 0; path = DynamicLibrary.app; sourceTree = BUILT_PRODUCTS_DIR; };
		972F899E1DEC0F3E00CDF686 /* main.m */ = {isa = PBXFileReference; lastKnownFileType = sourcecode.c.objc; path = main.m; sourceTree = "<group>"; };
		972F89A01DEC0F3E00CDF686 /* AppDelegate.h */ = {isa = PBXFileReference; lastKnownFileType = sourcecode.c.h; path = AppDelegate.h; sourceTree = "<group>"; };
		972F89A11DEC0F3E00CDF686 /* AppDelegate.m */ = {isa = PBXFileReference; lastKnownFileType = sourcecode.c.objc; path = AppDelegate.m; sourceTree = "<group>"; };
		972F89A31DEC0F3E00CDF686 /* FirstViewController.h */ = {isa = PBXFileReference; lastKnownFileType = sourcecode.c.h; path = FirstViewController.h; sourceTree = "<group>"; };
		972F89A41DEC0F3E00CDF686 /* FirstViewController.m */ = {isa = PBXFileReference; lastKnownFileType = sourcecode.c.objc; path = FirstViewController.m; sourceTree = "<group>"; };
		972F89A91DEC0F3E00CDF686 /* Assets.xcassets */ = {isa = PBXFileReference; lastKnownFileType = folder.assetcatalog; path = Assets.xcassets; sourceTree = "<group>"; };
		972F89AC1DEC0F3E00CDF686 /* Base */ = {isa = PBXFileReference; lastKnownFileType = file.storyboard; name = Base; path = Base.lproj/LaunchScreen.storyboard; sourceTree = "<group>"; };
		972F89AE1DEC0F3E00CDF686 /* Info.plist */ = {isa = PBXFileReference; lastKnownFileType = text.plist.xml; path = Info.plist; sourceTree = "<group>"; };
/* End PBXFileReference section */

/* Begin PBXFrameworksBuildPhase section */
		972F89971DEC0F3E00CDF686 /* Frameworks */ = {
			isa = PBXFrameworksBuildPhase;
			buildActionMask = 2147483647;
			files = (
			);
			runOnlyForDeploymentPostprocessing = 0;
		};
/* End PBXFrameworksBuildPhase section */

/* Begin PBXGroup section */
		972F89911DEC0F3E00CDF686 = {
			isa = PBXGroup;
			children = (
				972F899C1DEC0F3E00CDF686 /* DynamicLibrary */,
				972F899B1DEC0F3E00CDF686 /* Products */,
				97F060AE1DEC1DF300DBFA18 /* Frameworks */,
			);
			sourceTree = "<group>";
		};
		972F899B1DEC0F3E00CDF686 /* Products */ = {
			isa = PBXGroup;
			children = (
				972F899A1DEC0F3E00CDF686 /* DynamicLibrary.app */,
			);
			name = Products;
			sourceTree = "<group>";
		};
		972F899C1DEC0F3E00CDF686 /* DynamicLibrary */ = {
			isa = PBXGroup;
			children = (
				972F89A01DEC0F3E00CDF686 /* AppDelegate.h */,
				972F89A11DEC0F3E00CDF686 /* AppDelegate.m */,
				972F89A31DEC0F3E00CDF686 /* FirstViewController.h */,
				972F89A41DEC0F3E00CDF686 /* FirstViewController.m */,
				972F89A91DEC0F3E00CDF686 /* Assets.xcassets */,
				972F89AB1DEC0F3E00CDF686 /* LaunchScreen.storyboard */,
				972F89AE1DEC0F3E00CDF686 /* Info.plist */,
				972F899D1DEC0F3E00CDF686 /* Supporting Files */,
			);
			path = DynamicLibrary;
			sourceTree = "<group>";
		};
		972F899D1DEC0F3E00CDF686 /* Supporting Files */ = {
			isa = PBXGroup;
			children = (
				972F899E1DEC0F3E00CDF686 /* main.m */,
			);
			name = "Supporting Files";
			sourceTree = "<group>";
		};
		97F060AE1DEC1DF300DBFA18 /* Frameworks */ = {
			isa = PBXGroup;
			children = (
			);
			name = Frameworks;
			sourceTree = "<group>";
		};
/* End PBXGroup section */

/* Begin PBXNativeTarget section */
		972F89991DEC0F3E00CDF686 /* DynamicLibrary */ = {
			isa = PBXNativeTarget;
			buildConfigurationList = 972F89B11DEC0F3E00CDF686 /* Build configuration list for PBXNativeTarget "DynamicLibrary" */;
			buildPhases = (
				972F89961DEC0F3E00CDF686 /* Sources */,
				972F89971DEC0F3E00CDF686 /* Frameworks */,
				972F89981DEC0F3E00CDF686 /* Resources */,
			);
			buildRules = (
			);
			dependencies = (
			);
			name = DynamicLibrary;
			productName = DynamicLibrary;
			productReference = 972F899A1DEC0F3E00CDF686 /* DynamicLibrary.app */;
			productType = "com.apple.product-type.application";
		};
/* End PBXNativeTarget section */

/* Begin PBXProject section */
		972F89921DEC0F3E00CDF686 /* Project object */ = {
			isa = PBXProject;
			attributes = {
				LastUpgradeCheck = 0800;
				ORGANIZATIONNAME = WM;
				TargetAttributes = {
					972F89991DEC0F3E00CDF686 = {
						CreatedOnToolsVersion = 8.0;
						DevelopmentTeam = FC7GENL87A;
						ProvisioningStyle = Automatic;
					};
				};
			};
			buildConfigurationList = 972F89951DEC0F3E00CDF686 /* Build configuration list for PBXProject "DynamicLibrary" */;
			compatibilityVersion = "Xcode 3.2";
			developmentRegion = English;
			hasScannedForEncodings = 0;
			knownRegions = (
				en,
				Base,
			);
			mainGroup = 972F89911DEC0F3E00CDF686;
			productRefGroup = 972F899B1DEC0F3E00CDF686 /* Products */;
			projectDirPath = "";
			projectRoot = "";
			targets = (
				972F89991DEC0F3E00CDF686 /* DynamicLibrary */,
			);
		};
/* End PBXProject section */

/* Begin PBXResourcesBuildPhase section */
		972F89981DEC0F3E00CDF686 /* Resources */ = {
			isa = PBXResourcesBuildPhase;
			buildActionMask = 2147483647;
			files = (
				972F89AD1DEC0F3E00CDF686 /* LaunchScreen.storyboard in Resources */,
				972F89AA1DEC0F3E00CDF686 /* Assets.xcassets in Resources */,
			);
			runOnlyForDeploymentPostprocessing = 0;
		};
/* End PBXResourcesBuildPhase section */

/* Begin PBXSourcesBuildPhase section */
		972F89961DEC0F3E00CDF686 /* Sources */ = {
			isa = PBXSourcesBuildPhase;
			buildActionMask = 2147483647;
			files = (
				972F89A51DEC0F3E00CDF686 /* FirstViewController.m in Sources */,
				972F89A21DEC0F3E00CDF686 /* AppDelegate.m in Sources */,
				972F899F1DEC0F3E00CDF686 /* main.m in Sources */,
			);
			runOnlyForDeploymentPostprocessing = 0;
		};
/* End PBXSourcesBuildPhase section */

/* Begin PBXVariantGroup section */
		972F89AB1DEC0F3E00CDF686 /* LaunchScreen.storyboard */ = {
			isa = PBXVariantGroup;
			children = (
				972F89AC1DEC0F3E00CDF686 /* Base */,
			);
			name = LaunchScreen.storyboard;
			sourceTree = "<group>";
		};
/* End PBXVariantGroup section */

/* Begin XCBuildConfiguration section */
		972F89AF1DEC0F3E00CDF686 /* Debug */ = {
			isa = XCBuildConfiguration;
			buildSettings = {
				ALWAYS_SEARCH_USER_PATHS = NO;
				CLANG_ANALYZER_NONNULL = YES;
				CLANG_CXX_LANGUAGE_STANDARD = "gnu++0x";
				CLANG_CXX_LIBRARY = "libc++";
				CLANG_ENABLE_MODULES = YES;
				CLANG_ENABLE_OBJC_ARC = YES;
				CLANG_WARN_BOOL_CONVERSION = YES;
				CLANG_WARN_CONSTANT_CONVERSION = YES;
				CLANG_WARN_DIRECT_OBJC_ISA_USAGE = YES_ERROR;
				CLANG_WARN_DOCUMENTATION_COMMENTS = YES;
				CLANG_WARN_EMPTY_BODY = YES;
				CLANG_WARN_ENUM_CONVERSION = YES;
				CLANG_WARN_INFINITE_RECURSION = YES;
				CLANG_WARN_INT_CONVERSION = YES;
				CLANG_WARN_OBJC_ROOT_CLASS = YES_ERROR;
				CLANG_WARN_SUSPICIOUS_MOVES = YES;
				CLANG_WARN_UNREACHABLE_CODE = YES;
				CLANG_WARN__DUPLICATE_METHOD_MATCH = YES;
				"CODE_SIGN_IDENTITY[sdk=iphoneos*]" = "iPhone Developer";
				COPY_PHASE_STRIP = NO;
				DEBUG_INFORMATION_FORMAT = dwarf;
				ENABLE_STRICT_OBJC_MSGSEND = YES;
				ENABLE_TESTABILITY = YES;
				GCC_C_LANGUAGE_STANDARD = gnu99;
				GCC_DYNAMIC_NO_PIC = NO;
				GCC_NO_COMMON_BLOCKS = YES;
				GCC_OPTIMIZATION_LEVEL = 0;
				GCC_PREPROCESSOR_DEFINITIONS = (
					"DEBUG=1",
					"$(inherited)",
				);
				GCC_WARN_64_TO_32_BIT_CONVERSION = YES;
				GCC_WARN_ABOUT_RETURN_TYPE = YES_ERROR;
				GCC_WARN_UNDECLARED_SELECTOR = YES;
				GCC_WARN_UNINITIALIZED_AUTOS = YES_AGGRESSIVE;
				GCC_WARN_UNUSED_FUNCTION = YES;
				GCC_WARN_UNUSED_VARIABLE = YES;
				IPHONEOS_DEPLOYMENT_TARGET = 10.0;
				MTL_ENABLE_DEBUG_INFO = YES;
				ONLY_ACTIVE_ARCH = YES;
				SDKROOT = iphoneos;
			};
			name = Debug;
		};
		972F89B01DEC0F3E00CDF686 /* Release */ = {
			isa = XCBuildConfiguration;
			buildSettings = {
				ALWAYS_SEARCH_USER_PATHS = NO;
				CLANG_ANALYZER_NONNULL = YES;
				CLANG_CXX_LANGUAGE_STANDARD = "gnu++0x";
				CLANG_CXX_LIBRARY = "libc++";
				CLANG_ENABLE_MODULES = YES;
				CLANG_ENABLE_OBJC_ARC = YES;
				CLANG_WARN_BOOL_CONVERSION = YES;
				CLANG_WARN_CONSTANT_CONVERSION = YES;
				CLANG_WARN_DIRECT_OBJC_ISA_USAGE = YES_ERROR;
				CLANG_WARN_DOCUMENTATION_COMMENTS = YES;
				CLANG_WARN_EMPTY_BODY = YES;
				CLANG_WARN_ENUM_CONVERSION = YES;
				CLANG_WARN_INFINITE_RECURSION = YES;
				CLANG_WARN_INT_CONVERSION = YES;
				CLANG_WARN_OBJC_ROOT_CLASS = YES_ERROR;
				CLANG_WARN_SUSPICIOUS_MOVES = YES;
				CLANG_WARN_UNREACHABLE_CODE = YES;
				CLANG_WARN__DUPLICATE_METHOD_MATCH = YES;
				"CODE_SIGN_IDENTITY[sdk=iphoneos*]" = "iPhone Developer";
				COPY_PHASE_STRIP = NO;
				DEBUG_INFORMATION_FORMAT = "dwarf-with-dsym";
				ENABLE_NS_ASSERTIONS = NO;
				ENABLE_STRICT_OBJC_MSGSEND = YES;
				GCC_C_LANGUAGE_STANDARD = gnu99;
				GCC_NO_COMMON_BLOCKS = YES;
				GCC_WARN_64_TO_32_BIT_CONVERSION = YES;
				GCC_WARN_ABOUT_RETURN_TYPE = YES_ERROR;
				GCC_WARN_UNDECLARED_SELECTOR = YES;
				GCC_WARN_UNINITIALIZED_AUTOS = YES_AGGRESSIVE;
				GCC_WARN_UNUSED_FUNCTION = YES;
				GCC_WARN_UNUSED_VARIABLE = YES;
				IPHONEOS_DEPLOYMENT_TARGET = 10.0;
				MTL_ENABLE_DEBUG_INFO = NO;
				SDKROOT = iphoneos;
				VALIDATE_PRODUCT = YES;
			};
			name = Release;
		};
		972F89B21DEC0F3E00CDF686 /* Debug */ = {
			isa = XCBuildConfiguration;
			buildSettings = {
				ASSETCATALOG_COMPILER_APPICON_NAME = AppIcon;
				DEVELOPMENT_TEAM = FC7GENL87A;
				INFOPLIST_FILE = DynamicLibrary/Info.plist;
				LD_RUNPATH_SEARCH_PATHS = "$(inherited) @executable_path/";
				LIBRARY_SEARCH_PATHS = "/Users/wm/Library/Developer/Xcode/DerivedData/DynamicLink-bmvkazhyhhpyeiccgvypysygshdy/Build/Products/Debug-iphonesimulator/DynamicLink.framework";
				PRODUCT_BUNDLE_IDENTIFIER = com.Gin.DynamicLibrary;
				PRODUCT_NAME = "$(TARGET_NAME)";
			};
			name = Debug;
		};
		972F89B31DEC0F3E00CDF686 /* Release */ = {
			isa = XCBuildConfiguration;
			buildSettings = {
				ASSETCATALOG_COMPILER_APPICON_NAME = AppIcon;
				DEVELOPMENT_TEAM = FC7GENL87A;
				INFOPLIST_FILE = DynamicLibrary/Info.plist;
				LD_RUNPATH_SEARCH_PATHS = "$(inherited) @executable_path/";
				LIBRARY_SEARCH_PATHS = "/Users/wm/Library/Developer/Xcode/DerivedData/DynamicLink-bmvkazhyhhpyeiccgvypysygshdy/Build/Products/Debug-iphonesimulator/DynamicLink.framework";
				PRODUCT_BUNDLE_IDENTIFIER = com.Gin.DynamicLibrary;
				PRODUCT_NAME = "$(TARGET_NAME)";
			};
			name = Release;
		};
/* End XCBuildConfiguration section */

/* Begin XCConfigurationList section */
		972F89951DEC0F3E00CDF686 /* Build configuration list for PBXProject "DynamicLibrary" */ = {
			isa = XCConfigurationList;
			buildConfigurations = (
				972F89AF1DEC0F3E00CDF686 /* Debug */,
				972F89B01DEC0F3E00CDF686 /* Release */,
			);
			defaultConfigurationIsVisible = 0;
			defaultConfigurationName = Release;
		};
		972F89B11DEC0F3E00CDF686 /* Build configuration list for PBXNativeTarget "DynamicLibrary" */ = {
			isa = XCConfigurationList;
			buildConfigurations = (
				972F89B21DEC0F3E00CDF686 /* Debug */,
				972F89B31DEC0F3E00CDF686 /* Release */,
			);
			defaultConfigurationIsVisible = 0;
			defaultConfigurationName = Release;
		};
/* End XCConfigurationList section */
	};
	rootObject = 972F89921DEC0F3E00CDF686 /* Project object */;
}
